
Microsoft Visual Studio Solution File, Format Version 12.00
# Visual Studio Version 17
VisualStudioVersion = 17.13.35825.156
MinimumVisualStudioVersion = 10.0.40219.1
Project("{FAE04EC0-301F-11D3-BF4B-00C04F79EFBC}") = "employeetracking", "employeetracking\employeetracking.csproj", "{76D9F2E0-B6C9-4C3F-B10D-224BE897F517}"
EndProject
Project("{FAE04EC0-301F-11D3-BF4B-00C04F79EFBC}") = "employeetrackingBusiness", "employeetrackingBusiness\employeetrackingBusiness.csproj", "{C57C96B3-53AA-4573-96B1-65BB18D9A9C5}"
EndProject
Project("{FAE04EC0-301F-11D3-BF4B-00C04F79EFBC}") = "employeetrackingData", "employeetrackingData\employeetrackingData.csproj", "{EF7D3757-00C8-489B-A2B1-8052614F774D}"
EndProject
Global
	GlobalSection(SolutionConfigurationPlatforms) = preSolution
		Debug|Any CPU = Debug|Any CPU
		Release|Any CPU = Release|Any CPU
	EndGlobalSection
	GlobalSection(ProjectConfigurationPlatforms) = postSolution
		{76D9F2E0-B6C9-4C3F-B10D-224BE897F517}.Debug|Any CPU.ActiveCfg = Debug|Any CPU
		{76D9F2E0-B6C9-4C3F-B10D-224BE897F517}.Debug|Any CPU.Build.0 = Debug|Any CPU
		{76D9F2E0-B6C9-4C3F-B10D-224BE897F517}.Release|Any CPU.ActiveCfg = Release|Any CPU
		{76D9F2E0-B6C9-4C3F-B10D-224BE897F517}.Release|Any CPU.Build.0 = Release|Any CPU
		{C57C96B3-53AA-4573-96B1-65BB18D9A9C5}.Debug|Any CPU.ActiveCfg = Debug|Any CPU
		{C57C96B3-53AA-4573-96B1-65BB18D9A9C5}.Debug|Any CPU.Build.0 = Debug|Any CPU
		{C57C96B3-53AA-4573-96B1-65BB18D9A9C5}.Release|Any CPU.ActiveCfg = Release|Any CPU
		{C57C96B3-53AA-4573-96B1-65BB18D9A9C5}.Release|Any CPU.Build.0 = Release|Any CPU
		{EF7D3757-00C8-489B-A2B1-8052614F774D}.Debug|Any CPU.ActiveCfg = Debug|Any CPU
		{EF7D3757-00C8-489B-A2B1-8052614F774D}.Debug|Any CPU.Build.0 = Debug|Any CPU
		{EF7D3757-00C8-489B-A2B1-8052614F774D}.Release|Any CPU.ActiveCfg = Release|Any CPU
		{EF7D3757-00C8-489B-A2B1-8052614F774D}.Release|Any CPU.Build.0 = Release|Any CPU
	EndGlobalSection
	GlobalSection(SolutionProperties) = preSolution
		HideSolutionNode = FALSE
	EndGlobalSection
	GlobalSection(ExtensibilityGlobals) = postSolution
		SolutionGuid = {11A77211-AC45-4320-B009-8541178214EC}
	EndGlobalSection
EndGlobal
